// !$*UTF8*$!
{
	archiveVersion = 1;
	classes = {
	};
	objectVersion = 50;
	objects = {

/* Begin PBXBuildFile section */
		1E49D194254545EE00D9BE35 /* SQLiteManager.swift in Sources */ = {isa = PBXBuildFile; fileRef = 1E49D193254545EE00D9BE35 /* SQLiteManager.swift */; };
		1E49D1972545645A00D9BE35 /* ATPCoreData.xcdatamodeld in Sources */ = {isa = PBXBuildFile; fileRef = 1E49D1952545645A00D9BE35 /* ATPCoreData.xcdatamodeld */; };
		1E49D1992545656C00D9BE35 /* CoreDataManager.swift in Sources */ = {isa = PBXBuildFile; fileRef = 1E49D1982545656C00D9BE35 /* CoreDataManager.swift */; };
		1E49D19B25456CA900D9BE35 /* CoreDataTest.swift in Sources */ = {isa = PBXBuildFile; fileRef = 1E49D19A25456CA900D9BE35 /* CoreDataTest.swift */; };
		1E79FFF225450EA60069E314 /* ProductDetailViewController.swift in Sources */ = {isa = PBXBuildFile; fileRef = 1E79FFF025450EA60069E314 /* ProductDetailViewController.swift */; };
		1E79FFF325450EA60069E314 /* ProductDetailViewController.xib in Resources */ = {isa = PBXBuildFile; fileRef = 1E79FFF125450EA60069E314 /* ProductDetailViewController.xib */; };
		1E79FFFC254516C20069E314 /* OrderTableViewCell.swift in Sources */ = {isa = PBXBuildFile; fileRef = 1E79FFFA254516C20069E314 /* OrderTableViewCell.swift */; };
		1E79FFFD254516C20069E314 /* OrderTableViewCell.xib in Resources */ = {isa = PBXBuildFile; fileRef = 1E79FFFB254516C20069E314 /* OrderTableViewCell.xib */; };
		1EAAA7612539A26C006D4906 /* AppDelegate.swift in Sources */ = {isa = PBXBuildFile; fileRef = 1EAAA7602539A26C006D4906 /* AppDelegate.swift */; };
		1EAAA76A2539A26F006D4906 /* Assets.xcassets in Resources */ = {isa = PBXBuildFile; fileRef = 1EAAA7692539A26F006D4906 /* Assets.xcassets */; };
		1EAAA76D2539A26F006D4906 /* LaunchScreen.storyboard in Resources */ = {isa = PBXBuildFile; fileRef = 1EAAA76B2539A26F006D4906 /* LaunchScreen.storyboard */; };
		1EAAA7832539A26F006D4906 /* TransactionDemoUITests.swift in Sources */ = {isa = PBXBuildFile; fileRef = 1EAAA7822539A26F006D4906 /* TransactionDemoUITests.swift */; };
		1EAAA7CF253C94A8006D4906 /* HttpManager.swift in Sources */ = {isa = PBXBuildFile; fileRef = 1EAAA7CE253C94A8006D4906 /* HttpManager.swift */; };
		1ED25A1D253DE3C700A291C8 /* OrderEntity.swift in Sources */ = {isa = PBXBuildFile; fileRef = 1ED25A1C253DE3C700A291C8 /* OrderEntity.swift */; };
		1ED25A2A253DEF5E00A291C8 /* DateFormat.swift in Sources */ = {isa = PBXBuildFile; fileRef = 1ED25A29253DEF5E00A291C8 /* DateFormat.swift */; };
		1ED25A2E253F1D1200A291C8 /* DataManager.swift in Sources */ = {isa = PBXBuildFile; fileRef = 1ED25A2D253F1D1200A291C8 /* DataManager.swift */; };
		1ED25A32253F205100A291C8 /* DataBaseTest.swift in Sources */ = {isa = PBXBuildFile; fileRef = 1ED25A31253F205100A291C8 /* DataBaseTest.swift */; };
		CE0CC13E253D38890057AE8C /* ProductDetailPresenter.swift in Sources */ = {isa = PBXBuildFile; fileRef = CE0CC130253D38890057AE8C /* ProductDetailPresenter.swift */; };
		CE0CC13F253D38890057AE8C /* ProductDetailInteractor.swift in Sources */ = {isa = PBXBuildFile; fileRef = CE0CC132253D38890057AE8C /* ProductDetailInteractor.swift */; };
		CE0CC141253D38890057AE8C /* ProductDetailProtocols.swift in Sources */ = {isa = PBXBuildFile; fileRef = CE0CC135253D38890057AE8C /* ProductDetailProtocols.swift */; };
		CE0CC14E253D3EB10057AE8C /* OrderListPresenter.swift in Sources */ = {isa = PBXBuildFile; fileRef = CE0CC148253D3EB10057AE8C /* OrderListPresenter.swift */; };
		CE0CC14F253D3EB10057AE8C /* OrderListProtocols.swift in Sources */ = {isa = PBXBuildFile; fileRef = CE0CC149253D3EB10057AE8C /* OrderListProtocols.swift */; };
		CE0CC150253D3EB10057AE8C /* OrderListInteractor.swift in Sources */ = {isa = PBXBuildFile; fileRef = CE0CC14B253D3EB10057AE8C /* OrderListInteractor.swift */; };
		CE0CC151253D3EB10057AE8C /* OrderListViewController.swift in Sources */ = {isa = PBXBuildFile; fileRef = CE0CC14D253D3EB10057AE8C /* OrderListViewController.swift */; };
		CE0CC155253D71E30057AE8C /* ProductDetailEntity.swift in Sources */ = {isa = PBXBuildFile; fileRef = CE0CC154253D71E30057AE8C /* ProductDetailEntity.swift */; };
/* End PBXBuildFile section */

/* Begin PBXContainerItemProxy section */
		1EAAA7742539A26F006D4906 /* PBXContainerItemProxy */ = {
			isa = PBXContainerItemProxy;
			containerPortal = 1EAAA7552539A26C006D4906 /* Project object */;
			proxyType = 1;
			remoteGlobalIDString = 1EAAA75C2539A26C006D4906;
			remoteInfo = TransactionDemo;
		};
		1EAAA77F2539A26F006D4906 /* PBXContainerItemProxy */ = {
			isa = PBXContainerItemProxy;
			containerPortal = 1EAAA7552539A26C006D4906 /* Project object */;
			proxyType = 1;
			remoteGlobalIDString = 1EAAA75C2539A26C006D4906;
			remoteInfo = TransactionDemo;
		};
/* End PBXContainerItemProxy section */

/* Begin PBXFileReference section */
		1E49D193254545EE00D9BE35 /* SQLiteManager.swift */ = {isa = PBXFileReference; lastKnownFileType = sourcecode.swift; path = SQLiteManager.swift; sourceTree = "<group>"; };
		1E49D1962545645A00D9BE35 /* ATPCoreData.xcdatamodel */ = {isa = PBXFileReference; lastKnownFileType = wrapper.xcdatamodel; path = ATPCoreData.xcdatamodel; sourceTree = "<group>"; };
		1E49D1982545656C00D9BE35 /* CoreDataManager.swift */ = {isa = PBXFileReference; lastKnownFileType = sourcecode.swift; path = CoreDataManager.swift; sourceTree = "<group>"; };
		1E49D19A25456CA900D9BE35 /* CoreDataTest.swift */ = {isa = PBXFileReference; lastKnownFileType = sourcecode.swift; path = CoreDataTest.swift; sourceTree = "<group>"; };
		1E79FFF025450EA60069E314 /* ProductDetailViewController.swift */ = {isa = PBXFileReference; fileEncoding = 4; lastKnownFileType = sourcecode.swift; path = ProductDetailViewController.swift; sourceTree = "<group>"; };
		1E79FFF125450EA60069E314 /* ProductDetailViewController.xib */ = {isa = PBXFileReference; fileEncoding = 4; lastKnownFileType = file.xib; path = ProductDetailViewController.xib; sourceTree = "<group>"; };
		1E79FFFA254516C20069E314 /* OrderTableViewCell.swift */ = {isa = PBXFileReference; fileEncoding = 4; lastKnownFileType = sourcecode.swift; path = OrderTableViewCell.swift; sourceTree = "<group>"; };
		1E79FFFB254516C20069E314 /* OrderTableViewCell.xib */ = {isa = PBXFileReference; fileEncoding = 4; lastKnownFileType = file.xib; path = OrderTableViewCell.xib; sourceTree = "<group>"; };
		1EAAA75D2539A26C006D4906 /* TransactionDemo.app */ = {isa = PBXFileReference; explicitFileType = wrapper.application; includeInIndex = 0; path = TransactionDemo.app; sourceTree = BUILT_PRODUCTS_DIR; };
		1EAAA7602539A26C006D4906 /* AppDelegate.swift */ = {isa = PBXFileReference; lastKnownFileType = sourcecode.swift; path = AppDelegate.swift; sourceTree = "<group>"; };
		1EAAA7692539A26F006D4906 /* Assets.xcassets */ = {isa = PBXFileReference; lastKnownFileType = folder.assetcatalog; path = Assets.xcassets; sourceTree = "<group>"; };
		1EAAA76C2539A26F006D4906 /* Base */ = {isa = PBXFileReference; lastKnownFileType = file.storyboard; name = Base; path = Base.lproj/LaunchScreen.storyboard; sourceTree = "<group>"; };
		1EAAA76E2539A26F006D4906 /* Info.plist */ = {isa = PBXFileReference; lastKnownFileType = text.plist.xml; path = Info.plist; sourceTree = "<group>"; };
		1EAAA7732539A26F006D4906 /* TransactionDemoTests.xctest */ = {isa = PBXFileReference; explicitFileType = wrapper.cfbundle; includeInIndex = 0; path = TransactionDemoTests.xctest; sourceTree = BUILT_PRODUCTS_DIR; };
		1EAAA7792539A26F006D4906 /* Info.plist */ = {isa = PBXFileReference; lastKnownFileType = text.plist.xml; path = Info.plist; sourceTree = "<group>"; };
		1EAAA77E2539A26F006D4906 /* TransactionDemoUITests.xctest */ = {isa = PBXFileReference; explicitFileType = wrapper.cfbundle; includeInIndex = 0; path = TransactionDemoUITests.xctest; sourceTree = BUILT_PRODUCTS_DIR; };
		1EAAA7822539A26F006D4906 /* TransactionDemoUITests.swift */ = {isa = PBXFileReference; lastKnownFileType = sourcecode.swift; path = TransactionDemoUITests.swift; sourceTree = "<group>"; };
		1EAAA7842539A26F006D4906 /* Info.plist */ = {isa = PBXFileReference; lastKnownFileType = text.plist.xml; path = Info.plist; sourceTree = "<group>"; };
		1EAAA7CE253C94A8006D4906 /* HttpManager.swift */ = {isa = PBXFileReference; lastKnownFileType = sourcecode.swift; path = HttpManager.swift; sourceTree = "<group>"; };
		1ED25A1C253DE3C700A291C8 /* OrderEntity.swift */ = {isa = PBXFileReference; lastKnownFileType = sourcecode.swift; path = OrderEntity.swift; sourceTree = "<group>"; };
		1ED25A29253DEF5E00A291C8 /* DateFormat.swift */ = {isa = PBXFileReference; lastKnownFileType = sourcecode.swift; path = DateFormat.swift; sourceTree = "<group>"; };
		1ED25A2D253F1D1200A291C8 /* DataManager.swift */ = {isa = PBXFileReference; lastKnownFileType = sourcecode.swift; path = DataManager.swift; sourceTree = "<group>"; };
		1ED25A31253F205100A291C8 /* DataBaseTest.swift */ = {isa = PBXFileReference; lastKnownFileType = sourcecode.swift; path = DataBaseTest.swift; sourceTree = "<group>"; };
		CE0CC130253D38890057AE8C /* ProductDetailPresenter.swift */ = {isa = PBXFileReference; fileEncoding = 4; lastKnownFileType = sourcecode.swift; path = ProductDetailPresenter.swift; sourceTree = "<group>"; };
		CE0CC132253D38890057AE8C /* ProductDetailInteractor.swift */ = {isa = PBXFileReference; fileEncoding = 4; lastKnownFileType = sourcecode.swift; path = ProductDetailInteractor.swift; sourceTree = "<group>"; };
		CE0CC135253D38890057AE8C /* ProductDetailProtocols.swift */ = {isa = PBXFileReference; fileEncoding = 4; lastKnownFileType = sourcecode.swift; path = ProductDetailProtocols.swift; sourceTree = "<group>"; };
		CE0CC148253D3EB10057AE8C /* OrderListPresenter.swift */ = {isa = PBXFileReference; fileEncoding = 4; lastKnownFileType = sourcecode.swift; path = OrderListPresenter.swift; sourceTree = "<group>"; };
		CE0CC149253D3EB10057AE8C /* OrderListProtocols.swift */ = {isa = PBXFileReference; fileEncoding = 4; lastKnownFileType = sourcecode.swift; path = OrderListProtocols.swift; sourceTree = "<group>"; };
		CE0CC14B253D3EB10057AE8C /* OrderListInteractor.swift */ = {isa = PBXFileReference; fileEncoding = 4; lastKnownFileType = sourcecode.swift; path = OrderListInteractor.swift; sourceTree = "<group>"; };
		CE0CC14D253D3EB10057AE8C /* OrderListViewController.swift */ = {isa = PBXFileReference; fileEncoding = 4; lastKnownFileType = sourcecode.swift; path = OrderListViewController.swift; sourceTree = "<group>"; };
		CE0CC154253D71E30057AE8C /* ProductDetailEntity.swift */ = {isa = PBXFileReference; lastKnownFileType = sourcecode.swift; path = ProductDetailEntity.swift; sourceTree = "<group>"; };
/* End PBXFileReference section */

/* Begin PBXFrameworksBuildPhase section */
		1EAAA75A2539A26C006D4906 /* Frameworks */ = {
			isa = PBXFrameworksBuildPhase;
			buildActionMask = 2147483647;
			files = (
			);
			runOnlyForDeploymentPostprocessing = 0;
		};
		1EAAA7702539A26F006D4906 /* Frameworks */ = {
			isa = PBXFrameworksBuildPhase;
			buildActionMask = 2147483647;
			files = (
			);
			runOnlyForDeploymentPostprocessing = 0;
		};
		1EAAA77B2539A26F006D4906 /* Frameworks */ = {
			isa = PBXFrameworksBuildPhase;
			buildActionMask = 2147483647;
			files = (
			);
			runOnlyForDeploymentPostprocessing = 0;
		};
/* End PBXFrameworksBuildPhase section */

/* Begin PBXGroup section */
		1EAAA7542539A26C006D4906 = {
			isa = PBXGroup;
			children = (
				1EAAA75F2539A26C006D4906 /* TransactionDemo */,
				1EAAA7762539A26F006D4906 /* TransactionDemoTests */,
				1EAAA7812539A26F006D4906 /* TransactionDemoUITests */,
				1EAAA75E2539A26C006D4906 /* Products */,
			);
			sourceTree = "<group>";
		};
		1EAAA75E2539A26C006D4906 /* Products */ = {
			isa = PBXGroup;
			children = (
				1EAAA75D2539A26C006D4906 /* TransactionDemo.app */,
				1EAAA7732539A26F006D4906 /* TransactionDemoTests.xctest */,
				1EAAA77E2539A26F006D4906 /* TransactionDemoUITests.xctest */,
			);
			name = Products;
			sourceTree = "<group>";
		};
		1EAAA75F2539A26C006D4906 /* TransactionDemo */ = {
			isa = PBXGroup;
			children = (
				CE0CC12E253D38890057AE8C /* ProductDetail */,
				CE0CC146253D3EB10057AE8C /* OrderList */,
				1ED25A2B253F1CC700A291C8 /* Utils */,
				1EAAA7692539A26F006D4906 /* Assets.xcassets */,
				1EAAA76B2539A26F006D4906 /* LaunchScreen.storyboard */,
				1EAAA76E2539A26F006D4906 /* Info.plist */,
				1EAAA7602539A26C006D4906 /* AppDelegate.swift */,
			);
			path = TransactionDemo;
			sourceTree = "<group>";
		};
		1EAAA7762539A26F006D4906 /* TransactionDemoTests */ = {
			isa = PBXGroup;
			children = (
				1ED25A31253F205100A291C8 /* DataBaseTest.swift */,
				1E49D19A25456CA900D9BE35 /* CoreDataTest.swift */,
				1EAAA7792539A26F006D4906 /* Info.plist */,
			);
			path = TransactionDemoTests;
			sourceTree = "<group>";
		};
		1EAAA7812539A26F006D4906 /* TransactionDemoUITests */ = {
			isa = PBXGroup;
			children = (
				1EAAA7822539A26F006D4906 /* TransactionDemoUITests.swift */,
				1EAAA7842539A26F006D4906 /* Info.plist */,
			);
			path = TransactionDemoUITests;
			sourceTree = "<group>";
		};
		1EAAA7902539A3BE006D4906 /* Http */ = {
			isa = PBXGroup;
			children = (
				1EAAA7CE253C94A8006D4906 /* HttpManager.swift */,
			);
			path = Http;
			sourceTree = "<group>";
		};
		1ED25A28253DEF2700A291C8 /* Extensions */ = {
			isa = PBXGroup;
			children = (
				1ED25A29253DEF5E00A291C8 /* DateFormat.swift */,
			);
			path = Extensions;
			sourceTree = "<group>";
		};
		1ED25A2B253F1CC700A291C8 /* Utils */ = {
			isa = PBXGroup;
			children = (
				1ED25A2C253F1CF800A291C8 /* DB */,
				1EAAA7902539A3BE006D4906 /* Http */,
				1ED25A28253DEF2700A291C8 /* Extensions */,
			);
			path = Utils;
			sourceTree = "<group>";
		};
		1ED25A2C253F1CF800A291C8 /* DB */ = {
			isa = PBXGroup;
			children = (
				1ED25A2D253F1D1200A291C8 /* DataManager.swift */,
				1E49D193254545EE00D9BE35 /* SQLiteManager.swift */,
				1E49D1982545656C00D9BE35 /* CoreDataManager.swift */,
				1E49D1952545645A00D9BE35 /* ATPCoreData.xcdatamodeld */,
			);
			path = DB;
			sourceTree = "<group>";
		};
		CE0CC12E253D38890057AE8C /* ProductDetail */ = {
			isa = PBXGroup;
			children = (
				CE0CC12F253D38890057AE8C /* Presenter */,
				CE0CC131253D38890057AE8C /* Model */,
				CE0CC133253D38890057AE8C /* View */,
				CE0CC135253D38890057AE8C /* ProductDetailProtocols.swift */,
			);
			path = ProductDetail;
			sourceTree = "<group>";
		};
		CE0CC12F253D38890057AE8C /* Presenter */ = {
			isa = PBXGroup;
			children = (
				CE0CC130253D38890057AE8C /* ProductDetailPresenter.swift */,
			);
			path = Presenter;
			sourceTree = "<group>";
		};
		CE0CC131253D38890057AE8C /* Model */ = {
			isa = PBXGroup;
			children = (
				CE0CC132253D38890057AE8C /* ProductDetailInteractor.swift */,
				CE0CC154253D71E30057AE8C /* ProductDetailEntity.swift */,
			);
			path = Model;
			sourceTree = "<group>";
		};
		CE0CC133253D38890057AE8C /* View */ = {
			isa = PBXGroup;
			children = (
				1E79FFF025450EA60069E314 /* ProductDetailViewController.swift */,
				1E79FFF125450EA60069E314 /* ProductDetailViewController.xib */,
			);
			path = View;
			sourceTree = "<group>";
		};
		CE0CC146253D3EB10057AE8C /* OrderList */ = {
			isa = PBXGroup;
			children = (
				CE0CC147253D3EB10057AE8C /* Presenter */,
				CE0CC149253D3EB10057AE8C /* OrderListProtocols.swift */,
				CE0CC14A253D3EB10057AE8C /* Model */,
				CE0CC14C253D3EB10057AE8C /* View */,
			);
			path = OrderList;
			sourceTree = "<group>";
		};
		CE0CC147253D3EB10057AE8C /* Presenter */ = {
			isa = PBXGroup;
			children = (
				CE0CC148253D3EB10057AE8C /* OrderListPresenter.swift */,
			);
			path = Presenter;
			sourceTree = "<group>";
		};
		CE0CC14A253D3EB10057AE8C /* Model */ = {
			isa = PBXGroup;
			children = (
				CE0CC14B253D3EB10057AE8C /* OrderListInteractor.swift */,
				1ED25A1C253DE3C700A291C8 /* OrderEntity.swift */,
			);
			path = Model;
			sourceTree = "<group>";
		};
		CE0CC14C253D3EB10057AE8C /* View */ = {
			isa = PBXGroup;
			children = (
				CE0CC14D253D3EB10057AE8C /* OrderListViewController.swift */,
				1E79FFFA254516C20069E314 /* OrderTableViewCell.swift */,
				1E79FFFB254516C20069E314 /* OrderTableViewCell.xib */,
			);
			path = View;
			sourceTree = "<group>";
		};
/* End PBXGroup section */

/* Begin PBXNativeTarget section */
		1EAAA75C2539A26C006D4906 /* TransactionDemo */ = {
			isa = PBXNativeTarget;
			buildConfigurationList = 1EAAA7872539A26F006D4906 /* Build configuration list for PBXNativeTarget "TransactionDemo" */;
			buildPhases = (
				1EAAA7592539A26C006D4906 /* Sources */,
				1EAAA75A2539A26C006D4906 /* Frameworks */,
				1EAAA75B2539A26C006D4906 /* Resources */,
			);
			buildRules = (
			);
			dependencies = (
			);
			name = TransactionDemo;
			productName = TransactionDemo;
			productReference = 1EAAA75D2539A26C006D4906 /* TransactionDemo.app */;
			productType = "com.apple.product-type.application";
		};
		1EAAA7722539A26F006D4906 /* TransactionDemoTests */ = {
			isa = PBXNativeTarget;
			buildConfigurationList = 1EAAA78A2539A26F006D4906 /* Build configuration list for PBXNativeTarget "TransactionDemoTests" */;
			buildPhases = (
				1EAAA76F2539A26F006D4906 /* Sources */,
				1EAAA7702539A26F006D4906 /* Frameworks */,
				1EAAA7712539A26F006D4906 /* Resources */,
			);
			buildRules = (
			);
			dependencies = (
				1EAAA7752539A26F006D4906 /* PBXTargetDependency */,
			);
			name = TransactionDemoTests;
			productName = TransactionDemoTests;
			productReference = 1EAAA7732539A26F006D4906 /* TransactionDemoTests.xctest */;
			productType = "com.apple.product-type.bundle.unit-test";
		};
		1EAAA77D2539A26F006D4906 /* TransactionDemoUITests */ = {
			isa = PBXNativeTarget;
			buildConfigurationList = 1EAAA78D2539A26F006D4906 /* Build configuration list for PBXNativeTarget "TransactionDemoUITests" */;
			buildPhases = (
				1EAAA77A2539A26F006D4906 /* Sources */,
				1EAAA77B2539A26F006D4906 /* Frameworks */,
				1EAAA77C2539A26F006D4906 /* Resources */,
			);
			buildRules = (
			);
			dependencies = (
				1EAAA7802539A26F006D4906 /* PBXTargetDependency */,
			);
			name = TransactionDemoUITests;
			productName = TransactionDemoUITests;
			productReference = 1EAAA77E2539A26F006D4906 /* TransactionDemoUITests.xctest */;
			productType = "com.apple.product-type.bundle.ui-testing";
		};
/* End PBXNativeTarget section */

/* Begin PBXProject section */
		1EAAA7552539A26C006D4906 /* Project object */ = {
			isa = PBXProject;
			attributes = {
				LastSwiftUpdateCheck = 1160;
				LastUpgradeCheck = 1160;
				ORGANIZATIONNAME = "李艺彪";
				TargetAttributes = {
					1EAAA75C2539A26C006D4906 = {
						CreatedOnToolsVersion = 11.6;
					};
					1EAAA7722539A26F006D4906 = {
						CreatedOnToolsVersion = 11.6;
						TestTargetID = 1EAAA75C2539A26C006D4906;
					};
					1EAAA77D2539A26F006D4906 = {
						CreatedOnToolsVersion = 11.6;
						TestTargetID = 1EAAA75C2539A26C006D4906;
					};
				};
			};
			buildConfigurationList = 1EAAA7582539A26C006D4906 /* Build configuration list for PBXProject "TransactionDemo" */;
			compatibilityVersion = "Xcode 9.3";
			developmentRegion = en;
			hasScannedForEncodings = 0;
			knownRegions = (
				en,
				Base,
			);
			mainGroup = 1EAAA7542539A26C006D4906;
			productRefGroup = 1EAAA75E2539A26C006D4906 /* Products */;
			projectDirPath = "";
			projectRoot = "";
			targets = (
				1EAAA75C2539A26C006D4906 /* TransactionDemo */,
				1EAAA7722539A26F006D4906 /* TransactionDemoTests */,
				1EAAA77D2539A26F006D4906 /* TransactionDemoUITests */,
			);
		};
/* End PBXProject section */

/* Begin PBXResourcesBuildPhase section */
		1EAAA75B2539A26C006D4906 /* Resources */ = {
			isa = PBXResourcesBuildPhase;
			buildActionMask = 2147483647;
			files = (
				1EAAA76D2539A26F006D4906 /* LaunchScreen.storyboard in Resources */,
				1EAAA76A2539A26F006D4906 /* Assets.xcassets in Resources */,
				1E79FFFD254516C20069E314 /* OrderTableViewCell.xib in Resources */,
				1E79FFF325450EA60069E314 /* ProductDetailViewController.xib in Resources */,
			);
			runOnlyForDeploymentPostprocessing = 0;
		};
		1EAAA7712539A26F006D4906 /* Resources */ = {
			isa = PBXResourcesBuildPhase;
			buildActionMask = 2147483647;
			files = (
			);
			runOnlyForDeploymentPostprocessing = 0;
		};
		1EAAA77C2539A26F006D4906 /* Resources */ = {
			isa = PBXResourcesBuildPhase;
			buildActionMask = 2147483647;
			files = (
			);
			runOnlyForDeploymentPostprocessing = 0;
		};
/* End PBXResourcesBuildPhase section */

/* Begin PBXSourcesBuildPhase section */
		1EAAA7592539A26C006D4906 /* Sources */ = {
			isa = PBXSourcesBuildPhase;
			buildActionMask = 2147483647;
			files = (
				1EAAA7CF253C94A8006D4906 /* HttpManager.swift in Sources */,
				1ED25A2E253F1D1200A291C8 /* DataManager.swift in Sources */,
				1E79FFF225450EA60069E314 /* ProductDetailViewController.swift in Sources */,
				1EAAA7612539A26C006D4906 /* AppDelegate.swift in Sources */,
				CE0CC13E253D38890057AE8C /* ProductDetailPresenter.swift in Sources */,
				1E49D1972545645A00D9BE35 /* ATPCoreData.xcdatamodeld in Sources */,
				1E49D1992545656C00D9BE35 /* CoreDataManager.swift in Sources */,
				CE0CC155253D71E30057AE8C /* ProductDetailEntity.swift in Sources */,
				1E79FFFC254516C20069E314 /* OrderTableViewCell.swift in Sources */,
				1ED25A1D253DE3C700A291C8 /* OrderEntity.swift in Sources */,
				CE0CC150253D3EB10057AE8C /* OrderListInteractor.swift in Sources */,
				1ED25A2A253DEF5E00A291C8 /* DateFormat.swift in Sources */,
				CE0CC13F253D38890057AE8C /* ProductDetailInteractor.swift in Sources */,
				1E49D194254545EE00D9BE35 /* SQLiteManager.swift in Sources */,
				CE0CC141253D38890057AE8C /* ProductDetailProtocols.swift in Sources */,
				CE0CC151253D3EB10057AE8C /* OrderListViewController.swift in Sources */,
				CE0CC14E253D3EB10057AE8C /* OrderListPresenter.swift in Sources */,
				CE0CC14F253D3EB10057AE8C /* OrderListProtocols.swift in Sources */,
			);
			runOnlyForDeploymentPostprocessing = 0;
		};
		1EAAA76F2539A26F006D4906 /* Sources */ = {
			isa = PBXSourcesBuildPhase;
			buildActionMask = 2147483647;
			files = (
				1E49D19B25456CA900D9BE35 /* CoreDataTest.swift in Sources */,
				1ED25A32253F205100A291C8 /* DataBaseTest.swift in Sources */,
			);
			runOnlyForDeploymentPostprocessing = 0;
		};
		1EAAA77A2539A26F006D4906 /* Sources */ = {
			isa = PBXSourcesBuildPhase;
			buildActionMask = 2147483647;
			files = (
				1EAAA7832539A26F006D4906 /* TransactionDemoUITests.swift in Sources */,
			);
			runOnlyForDeploymentPostprocessing = 0;
		};
/* End PBXSourcesBuildPhase section */

/* Begin PBXTargetDependency section */
		1EAAA7752539A26F006D4906 /* PBXTargetDependency */ = {
			isa = PBXTargetDependency;
			target = 1EAAA75C2539A26C006D4906 /* TransactionDemo */;
			targetProxy = 1EAAA7742539A26F006D4906 /* PBXContainerItemProxy */;
		};
		1EAAA7802539A26F006D4906 /* PBXTargetDependency */ = {
			isa = PBXTargetDependency;
			target = 1EAAA75C2539A26C006D4906 /* TransactionDemo */;
			targetProxy = 1EAAA77F2539A26F006D4906 /* PBXContainerItemProxy */;
		};
/* End PBXTargetDependency section */

/* Begin PBXVariantGroup section */
		1EAAA76B2539A26F006D4906 /* LaunchScreen.storyboard */ = {
			isa = PBXVariantGroup;
			children = (
				1EAAA76C2539A26F006D4906 /* Base */,
			);
			name = LaunchScreen.storyboard;
			sourceTree = "<group>";
		};
/* End PBXVariantGroup section */

/* Begin XCBuildConfiguration section */
		1EAAA7852539A26F006D4906 /* Debug */ = {
			isa = XCBuildConfiguration;
			buildSettings = {
				ALWAYS_SEARCH_USER_PATHS = NO;
				CLANG_ANALYZER_NONNULL = YES;
				CLANG_ANALYZER_NUMBER_OBJECT_CONVERSION = YES_AGGRESSIVE;
				CLANG_CXX_LANGUAGE_STANDARD = "gnu++14";
				CLANG_CXX_LIBRARY = "libc++";
				CLANG_ENABLE_MODULES = YES;
				CLANG_ENABLE_OBJC_ARC = YES;
				CLANG_ENABLE_OBJC_WEAK = YES;
				CLANG_WARN_BLOCK_CAPTURE_AUTORELEASING = YES;
				CLANG_WARN_BOOL_CONVERSION = YES;
				CLANG_WARN_COMMA = YES;
				CLANG_WARN_CONSTANT_CONVERSION = YES;
				CLANG_WARN_DEPRECATED_OBJC_IMPLEMENTATIONS = YES;
				CLANG_WARN_DIRECT_OBJC_ISA_USAGE = YES_ERROR;
				CLANG_WARN_DOCUMENTATION_COMMENTS = YES;
				CLANG_WARN_EMPTY_BODY = YES;
				CLANG_WARN_ENUM_CONVERSION = YES;
				CLANG_WARN_INFINITE_RECURSION = YES;
				CLANG_WARN_INT_CONVERSION = YES;
				CLANG_WARN_NON_LITERAL_NULL_CONVERSION = YES;
				CLANG_WARN_OBJC_IMPLICIT_RETAIN_SELF = YES;
				CLANG_WARN_OBJC_LITERAL_CONVERSION = YES;
				CLANG_WARN_OBJC_ROOT_CLASS = YES_ERROR;
				CLANG_WARN_RANGE_LOOP_ANALYSIS = YES;
				CLANG_WARN_STRICT_PROTOTYPES = YES;
				CLANG_WARN_SUSPICIOUS_MOVE = YES;
				CLANG_WARN_UNGUARDED_AVAILABILITY = YES_AGGRESSIVE;
				CLANG_WARN_UNREACHABLE_CODE = YES;
				CLANG_WARN__DUPLICATE_METHOD_MATCH = YES;
				COPY_PHASE_STRIP = NO;
				DEBUG_INFORMATION_FORMAT = dwarf;
				ENABLE_STRICT_OBJC_MSGSEND = YES;
				ENABLE_TESTABILITY = YES;
				GCC_C_LANGUAGE_STANDARD = gnu11;
				GCC_DYNAMIC_NO_PIC = NO;
				GCC_NO_COMMON_BLOCKS = YES;
				GCC_OPTIMIZATION_LEVEL = 0;
				GCC_PREPROCESSOR_DEFINITIONS = (
					"DEBUG=1",
					"$(inherited)",
				);
				GCC_WARN_64_TO_32_BIT_CONVERSION = YES;
				GCC_WARN_ABOUT_RETURN_TYPE = YES_ERROR;
				GCC_WARN_UNDECLARED_SELECTOR = YES;
				GCC_WARN_UNINITIALIZED_AUTOS = YES_AGGRESSIVE;
				GCC_WARN_UNUSED_FUNCTION = YES;
				GCC_WARN_UNUSED_VARIABLE = YES;
				IPHONEOS_DEPLOYMENT_TARGET = 13.6;
				MTL_ENABLE_DEBUG_INFO = INCLUDE_SOURCE;
				MTL_FAST_MATH = YES;
				ONLY_ACTIVE_ARCH = YES;
				SDKROOT = iphoneos;
				SWIFT_ACTIVE_COMPILATION_CONDITIONS = DEBUG;
				SWIFT_OPTIMIZATION_LEVEL = "-Onone";
			};
			name = Debug;
		};
		1EAAA7862539A26F006D4906 /* Release */ = {
			isa = XCBuildConfiguration;
			buildSettings = {
				ALWAYS_SEARCH_USER_PATHS = NO;
				CLANG_ANALYZER_NONNULL = YES;
				CLANG_ANALYZER_NUMBER_OBJECT_CONVERSION = YES_AGGRESSIVE;
				CLANG_CXX_LANGUAGE_STANDARD = "gnu++14";
				CLANG_CXX_LIBRARY = "libc++";
				CLANG_ENABLE_MODULES = YES;
				CLANG_ENABLE_OBJC_ARC = YES;
				CLANG_ENABLE_OBJC_WEAK = YES;
				CLANG_WARN_BLOCK_CAPTURE_AUTORELEASING = YES;
				CLANG_WARN_BOOL_CONVERSION = YES;
				CLANG_WARN_COMMA = YES;
				CLANG_WARN_CONSTANT_CONVERSION = YES;
				CLANG_WARN_DEPRECATED_OBJC_IMPLEMENTATIONS = YES;
				CLANG_WARN_DIRECT_OBJC_ISA_USAGE = YES_ERROR;
				CLANG_WARN_DOCUMENTATION_COMMENTS = YES;
				CLANG_WARN_EMPTY_BODY = YES;
				CLANG_WARN_ENUM_CONVERSION = YES;
				CLANG_WARN_INFINITE_RECURSION = YES;
				CLANG_WARN_INT_CONVERSION = YES;
				CLANG_WARN_NON_LITERAL_NULL_CONVERSION = YES;
				CLANG_WARN_OBJC_IMPLICIT_RETAIN_SELF = YES;
				CLANG_WARN_OBJC_LITERAL_CONVERSION = YES;
				CLANG_WARN_OBJC_ROOT_CLASS = YES_ERROR;
				CLANG_WARN_RANGE_LOOP_ANALYSIS = YES;
				CLANG_WARN_STRICT_PROTOTYPES = YES;
				CLANG_WARN_SUSPICIOUS_MOVE = YES;
				CLANG_WARN_UNGUARDED_AVAILABILITY = YES_AGGRESSIVE;
				CLANG_WARN_UNREACHABLE_CODE = YES;
				CLANG_WARN__DUPLICATE_METHOD_MATCH = YES;
				COPY_PHASE_STRIP = NO;
				DEBUG_INFORMATION_FORMAT = "dwarf-with-dsym";
				ENABLE_NS_ASSERTIONS = NO;
				ENABLE_STRICT_OBJC_MSGSEND = YES;
				GCC_C_LANGUAGE_STANDARD = gnu11;
				GCC_NO_COMMON_BLOCKS = YES;
				GCC_WARN_64_TO_32_BIT_CONVERSION = YES;
				GCC_WARN_ABOUT_RETURN_TYPE = YES_ERROR;
				GCC_WARN_UNDECLARED_SELECTOR = YES;
				GCC_WARN_UNINITIALIZED_AUTOS = YES_AGGRESSIVE;
				GCC_WARN_UNUSED_FUNCTION = YES;
				GCC_WARN_UNUSED_VARIABLE = YES;
				IPHONEOS_DEPLOYMENT_TARGET = 13.6;
				MTL_ENABLE_DEBUG_INFO = NO;
				MTL_FAST_MATH = YES;
				SDKROOT = iphoneos;
				SWIFT_COMPILATION_MODE = wholemodule;
				SWIFT_OPTIMIZATION_LEVEL = "-O";
				VALIDATE_PRODUCT = YES;
			};
			name = Release;
		};
		1EAAA7882539A26F006D4906 /* Debug */ = {
			isa = XCBuildConfiguration;
			buildSettings = {
				ASSETCATALOG_COMPILER_APPICON_NAME = AppIcon;
				CODE_SIGN_STYLE = Automatic;
				DEVELOPMENT_TEAM = 4K9BR33JVV;
				INFOPLIST_FILE = TransactionDemo/Info.plist;
				IPHONEOS_DEPLOYMENT_TARGET = 11.0;
				LD_RUNPATH_SEARCH_PATHS = (
					"$(inherited)",
					"@executable_path/Frameworks",
				);
				PRODUCT_BUNDLE_IDENTIFIER = com.ATP.TransactionDemo;
				PRODUCT_NAME = "$(TARGET_NAME)";
				SWIFT_VERSION = 5.0;
				TARGETED_DEVICE_FAMILY = 1;
			};
			name = Debug;
		};
		1EAAA7892539A26F006D4906 /* Release */ = {
			isa = XCBuildConfiguration;
			buildSettings = {
				ASSETCATALOG_COMPILER_APPICON_NAME = AppIcon;
				CODE_SIGN_STYLE = Automatic;
				DEVELOPMENT_TEAM = 4K9BR33JVV;
				INFOPLIST_FILE = TransactionDemo/Info.plist;
				IPHONEOS_DEPLOYMENT_TARGET = 11.0;
				LD_RUNPATH_SEARCH_PATHS = (
					"$(inherited)",
					"@executable_path/Frameworks",
				);
				PRODUCT_BUNDLE_IDENTIFIER = com.ATP.TransactionDemo;
				PRODUCT_NAME = "$(TARGET_NAME)";
				SWIFT_VERSION = 5.0;
				TARGETED_DEVICE_FAMILY = 1;
			};
			name = Release;
		};
		1EAAA78B2539A26F006D4906 /* Debug */ = {
			isa = XCBuildConfiguration;
			buildSettings = {
				ALWAYS_EMBED_SWIFT_STANDARD_LIBRARIES = YES;
				BUNDLE_LOADER = "$(TEST_HOST)";
				CODE_SIGN_STYLE = Automatic;
				DEVELOPMENT_TEAM = 4K9BR33JVV;
				INFOPLIST_FILE = TransactionDemoTests/Info.plist;
				IPHONEOS_DEPLOYMENT_TARGET = 13.6;
				LD_RUNPATH_SEARCH_PATHS = (
					"$(inherited)",
					"@executable_path/Frameworks",
					"@loader_path/Frameworks",
				);
				PRODUCT_BUNDLE_IDENTIFIER = com.ATP.TransactionDemoTests;
				PRODUCT_NAME = "$(TARGET_NAME)";
				SWIFT_VERSION = 5.0;
				TARGETED_DEVICE_FAMILY = "1,2";
				TEST_HOST = "$(BUILT_PRODUCTS_DIR)/TransactionDemo.app/TransactionDemo";
			};
			name = Debug;
		};
		1EAAA78C2539A26F006D4906 /* Release */ = {
			isa = XCBuildConfiguration;
			buildSettings = {
				ALWAYS_EMBED_SWIFT_STANDARD_LIBRARIES = YES;
				BUNDLE_LOADER = "$(TEST_HOST)";
				CODE_SIGN_STYLE = Automatic;
				DEVELOPMENT_TEAM = 4K9BR33JVV;
				INFOPLIST_FILE = TransactionDemoTests/Info.plist;
				IPHONEOS_DEPLOYMENT_TARGET = 13.6;
				LD_RUNPATH_SEARCH_PATHS = (
					"$(inherited)",
					"@executable_path/Frameworks",
					"@loader_path/Frameworks",
				);
				PRODUCT_BUNDLE_IDENTIFIER = com.ATP.TransactionDemoTests;
				PRODUCT_NAME = "$(TARGET_NAME)";
				SWIFT_VERSION = 5.0;
				TARGETED_DEVICE_FAMILY = "1,2";
				TEST_HOST = "$(BUILT_PRODUCTS_DIR)/TransactionDemo.app/TransactionDemo";
			};
			name = Release;
		};
		1EAAA78E2539A26F006D4906 /* Debug */ = {
			isa = XCBuildConfiguration;
			buildSettings = {
				ALWAYS_EMBED_SWIFT_STANDARD_LIBRARIES = YES;
				CODE_SIGN_STYLE = Automatic;
				DEVELOPMENT_TEAM = 4K9BR33JVV;
				INFOPLIST_FILE = TransactionDemoUITests/Info.plist;
				LD_RUNPATH_SEARCH_PATHS = (
					"$(inherited)",
					"@executable_path/Frameworks",
					"@loader_path/Frameworks",
				);
				PRODUCT_BUNDLE_IDENTIFIER = com.ATP.TransactionDemoUITests;
				PRODUCT_NAME = "$(TARGET_NAME)";
				SWIFT_VERSION = 5.0;
				TARGETED_DEVICE_FAMILY = "1,2";
				TEST_TARGET_NAME = TransactionDemo;
			};
			name = Debug;
		};
		1EAAA78F2539A26F006D4906 /* Release */ = {
			isa = XCBuildConfiguration;
			buildSettings = {
				ALWAYS_EMBED_SWIFT_STANDARD_LIBRARIES = YES;
				CODE_SIGN_STYLE = Automatic;
				DEVELOPMENT_TEAM = 4K9BR33JVV;
				INFOPLIST_FILE = TransactionDemoUITests/Info.plist;
				LD_RUNPATH_SEARCH_PATHS = (
					"$(inherited)",
					"@executable_path/Frameworks",
					"@loader_path/Frameworks",
				);
				PRODUCT_BUNDLE_IDENTIFIER = com.ATP.TransactionDemoUITests;
				PRODUCT_NAME = "$(TARGET_NAME)";
				SWIFT_VERSION = 5.0;
				TARGETED_DEVICE_FAMILY = "1,2";
				TEST_TARGET_NAME = TransactionDemo;
			};
			name = Release;
		};
/* End XCBuildConfiguration section */

/* Begin XCConfigurationList section */
		1EAAA7582539A26C006D4906 /* Build configuration list for PBXProject "TransactionDemo" */ = {
			isa = XCConfigurationList;
			buildConfigurations = (
				1EAAA7852539A26F006D4906 /* Debug */,
				1EAAA7862539A26F006D4906 /* Release */,
			);
			defaultConfigurationIsVisible = 0;
			defaultConfigurationName = Release;
		};
		1EAAA7872539A26F006D4906 /* Build configuration list for PBXNativeTarget "TransactionDemo" */ = {
			isa = XCConfigurationList;
			buildConfigurations = (
				1EAAA7882539A26F006D4906 /* Debug */,
				1EAAA7892539A26F006D4906 /* Release */,
			);
			defaultConfigurationIsVisible = 0;
			defaultConfigurationName = Release;
		};
		1EAAA78A2539A26F006D4906 /* Build configuration list for PBXNativeTarget "TransactionDemoTests" */ = {
			isa = XCConfigurationList;
			buildConfigurations = (
				1EAAA78B2539A26F006D4906 /* Debug */,
				1EAAA78C2539A26F006D4906 /* Release */,
			);
			defaultConfigurationIsVisible = 0;
			defaultConfigurationName = Release;
		};
		1EAAA78D2539A26F006D4906 /* Build configuration list for PBXNativeTarget "TransactionDemoUITests" */ = {
			isa = XCConfigurationList;
			buildConfigurations = (
				1EAAA78E2539A26F006D4906 /* Debug */,
				1EAAA78F2539A26F006D4906 /* Release */,
			);
			defaultConfigurationIsVisible = 0;
			defaultConfigurationName = Release;
		};
/* End XCConfigurationList section */

/* Begin XCVersionGroup section */
		1E49D1952545645A00D9BE35 /* ATPCoreData.xcdatamodeld */ = {
			isa = XCVersionGroup;
			children = (
				1E49D1962545645A00D9BE35 /* ATPCoreData.xcdatamodel */,
			);
			currentVersion = 1E49D1962545645A00D9BE35 /* ATPCoreData.xcdatamodel */;
			path = ATPCoreData.xcdatamodeld;
			sourceTree = "<group>";
			versionGroupType = wrapper.xcdatamodel;
		};
/* End XCVersionGroup section */
	};
	rootObject = 1EAAA7552539A26C006D4906 /* Project object */;
}
